
Microsoft Visual Studio Solution File, Format Version 12.00
# Visual Studio Version 16
VisualStudioVersion = 16.0.29326.143
MinimumVisualStudioVersion = 10.0.40219.1
Project("{FAE04EC0-301F-11D3-BF4B-00C04F79EFBC}") = "WindowsFormsApp22 enums", "WindowsFormsApp22 enums\WindowsFormsApp22 enums.csproj", "{BAF1AB08-C76B-40C9-A463-0B3300BC1DAE}"
EndProject
Global
	GlobalSection(SolutionConfigurationPlatforms) = preSolution
		Debug|Any CPU = Debug|Any CPU
		Release|Any CPU = Release|Any CPU
	EndGlobalSection
	GlobalSection(ProjectConfigurationPlatforms) = postSolution
		{BAF1AB08-C76B-40C9-A463-0B3300BC1DAE}.Debug|Any CPU.ActiveCfg = Debug|Any CPU
		{BAF1AB08-C76B-40C9-A463-0B3300BC1DAE}.Debug|Any CPU.Build.0 = Debug|Any CPU
		{BAF1AB08-C76B-40C9-A463-0B3300BC1DAE}.Release|Any CPU.ActiveCfg = Release|Any CPU
		{BAF1AB08-C76B-40C9-A463-0B3300BC1DAE}.Release|Any CPU.Build.0 = Release|Any CPU
	EndGlobalSection
	GlobalSection(SolutionProperties) = preSolution
		HideSolutionNode = FALSE
	EndGlobalSection
	GlobalSection(ExtensibilityGlobals) = postSolution
		SolutionGuid = {4FDF5BDA-F0AA-4E7A-BF12-6A47EC479DCA}
	EndGlobalSection
EndGlobal
