
Microsoft Visual Studio Solution File, Format Version 12.00
# Visual Studio Version 16
VisualStudioVersion = 16.0.29326.143
MinimumVisualStudioVersion = 10.0.40219.1
Project("{FAE04EC0-301F-11D3-BF4B-00C04F79EFBC}") = "WindowsFormsApp6", "WindowsFormsApp6\WindowsFormsApp6.csproj", "{CC07EB46-8480-4A8C-87F0-E3EF012DF14A}"
EndProject
Global
	GlobalSection(SolutionConfigurationPlatforms) = preSolution
		Debug|Any CPU = Debug|Any CPU
		Release|Any CPU = Release|Any CPU
	EndGlobalSection
	GlobalSection(ProjectConfigurationPlatforms) = postSolution
		{CC07EB46-8480-4A8C-87F0-E3EF012DF14A}.Debug|Any CPU.ActiveCfg = Debug|Any CPU
		{CC07EB46-8480-4A8C-87F0-E3EF012DF14A}.Debug|Any CPU.Build.0 = Debug|Any CPU
		{CC07EB46-8480-4A8C-87F0-E3EF012DF14A}.Release|Any CPU.ActiveCfg = Release|Any CPU
		{CC07EB46-8480-4A8C-87F0-E3EF012DF14A}.Release|Any CPU.Build.0 = Release|Any CPU
	EndGlobalSection
	GlobalSection(SolutionProperties) = preSolution
		HideSolutionNode = FALSE
	EndGlobalSection
	GlobalSection(ExtensibilityGlobals) = postSolution
		SolutionGuid = {3381B18B-39BC-4043-870E-86CADA7BE9EE}
	EndGlobalSection
EndGlobal
