
Microsoft Visual Studio Solution File, Format Version 12.00
# Visual Studio Version 16
VisualStudioVersion = 16.0.29806.167
MinimumVisualStudioVersion = 10.0.40219.1
Project("{FAE04EC0-301F-11D3-BF4B-00C04F79EFBC}") = "Abstract Caftory 2", "Abstract Caftory 2\Abstract Caftory 2.csproj", "{F80BD215-2A51-4100-A90E-FB45E07D6159}"
EndProject
Global
	GlobalSection(SolutionConfigurationPlatforms) = preSolution
		Debug|Any CPU = Debug|Any CPU
		Release|Any CPU = Release|Any CPU
	EndGlobalSection
	GlobalSection(ProjectConfigurationPlatforms) = postSolution
		{F80BD215-2A51-4100-A90E-FB45E07D6159}.Debug|Any CPU.ActiveCfg = Debug|Any CPU
		{F80BD215-2A51-4100-A90E-FB45E07D6159}.Debug|Any CPU.Build.0 = Debug|Any CPU
		{F80BD215-2A51-4100-A90E-FB45E07D6159}.Release|Any CPU.ActiveCfg = Release|Any CPU
		{F80BD215-2A51-4100-A90E-FB45E07D6159}.Release|Any CPU.Build.0 = Release|Any CPU
	EndGlobalSection
	GlobalSection(SolutionProperties) = preSolution
		HideSolutionNode = FALSE
	EndGlobalSection
	GlobalSection(ExtensibilityGlobals) = postSolution
		SolutionGuid = {EA07F57A-67F4-46D4-BE25-6FCDB8A85B1B}
	EndGlobalSection
EndGlobal
