
Microsoft Visual Studio Solution File, Format Version 12.00
# Visual Studio Version 17
VisualStudioVersion = 17.13.35731.43
MinimumVisualStudioVersion = 10.0.40219.1
Project("{2150E333-8FDC-42A3-9474-1A3956D46DE8}") = "Behavioral", "Behavioral", "{02EA681E-C7D8-13C7-8484-4AC65E1B71E8}"
EndProject
Project("{FAE04EC0-301F-11D3-BF4B-00C04F79EFBC}") = "Momento", "DesignPatterns\Behavioral\Memento\Momento.csproj", "{336BCD91-32E4-4479-B8A9-44E39B0989D2}"
EndProject
Project("{FAE04EC0-301F-11D3-BF4B-00C04F79EFBC}") = "ChainOfResponsibility", "DesignPatterns\Behavioral\ChainOfResponsibility\ChainOfResponsibility.csproj", "{E75AEA1E-8046-4732-A9C3-D60CAFABD998}"
EndProject
Project("{FAE04EC0-301F-11D3-BF4B-00C04F79EFBC}") = "Command", "DesignPatterns\Behavioral\Command\Command.csproj", "{71693BEB-C150-4D60-A016-4610C963CCC5}"
EndProject
Project("{FAE04EC0-301F-11D3-BF4B-00C04F79EFBC}") = "Visitor", "DesignPatterns\Behavioral\Visitor\Visitor.csproj", "{F91AAC67-D2F4-4E59-9CEB-9C0EC71F0419}"
EndProject
Project("{FAE04EC0-301F-11D3-BF4B-00C04F79EFBC}") = "Mediator", "DesignPatterns\Behavioral\Mediator\Mediator.csproj", "{7BA2D35C-63FA-4C85-A45F-387D934C640C}"
EndProject
Project("{FAE04EC0-301F-11D3-BF4B-00C04F79EFBC}") = "Template", "DesignPatterns\Behavioral\Template\Template.csproj", "{D95D6CD3-0993-44C8-B642-992C06991F8D}"
EndProject
Project("{FAE04EC0-301F-11D3-BF4B-00C04F79EFBC}") = "Observer", "DesignPatterns\Behavioral\Observer\Observer.csproj", "{0F5B27F4-F62C-4EB1-A687-B35E12773F1D}"
EndProject
Project("{FAE04EC0-301F-11D3-BF4B-00C04F79EFBC}") = "State", "DesignPatterns\Behavioral\State\State.csproj", "{74BFD0B3-479C-4AF8-B063-11854DD00504}"
EndProject
Project("{FAE04EC0-301F-11D3-BF4B-00C04F79EFBC}") = "Strategy", "DesignPatterns\Behavioral\Strategy\Strategy.csproj", "{48D4423C-B2F1-4FC8-85A1-2EF9AF849BA9}"
EndProject
Project("{2150E333-8FDC-42A3-9474-1A3956D46DE8}") = "Creational", "Creational", "{0823118C-0E15-4A83-9445-42BDAED57713}"
EndProject
Project("{2150E333-8FDC-42A3-9474-1A3956D46DE8}") = "Builder", "Builder", "{0D4A7A8A-CBEA-4271-8941-6DE7975257AA}"
EndProject
Project("{FAE04EC0-301F-11D3-BF4B-00C04F79EFBC}") = "BuilderPizza", "DesignPatterns\Creational\Builder\BuilderPizza\BuilderPizza.csproj", "{F52D05E2-8661-4EAA-B0FD-E3CA6A5557F6}"
EndProject
Project("{FAE04EC0-301F-11D3-BF4B-00C04F79EFBC}") = "BuilderReport", "DesignPatterns\Creational\Builder\BuilderReport\BuilderReport.csproj", "{0245E31B-053B-4769-8FDC-7628666D7812}"
EndProject
Project("{FAE04EC0-301F-11D3-BF4B-00C04F79EFBC}") = "BuilderCar", "DesignPatterns\Creational\Builder\BuilderCar\BuilderCar.csproj", "{2D70555E-E4E8-4F2B-9118-F51E14B2EE84}"
EndProject
Project("{FAE04EC0-301F-11D3-BF4B-00C04F79EFBC}") = "FactoryMethod", "DesignPatterns\Creational\Factory Method\FactoryMethod.csproj", "{E7BEF802-8614-4569-8A4D-A29650AEF840}"
EndProject
Project("{2150E333-8FDC-42A3-9474-1A3956D46DE8}") = "Abstract Factory", "Abstract Factory", "{D3CF05A3-9761-40AC-9FCD-5E87F5CF0E94}"
EndProject
Project("{FAE04EC0-301F-11D3-BF4B-00C04F79EFBC}") = "AbstractFactoryOS", "DesignPatterns\Creational\Abstract Factory\SystemUI\AbstractFactoryOS.csproj", "{B800C1E7-DE25-40DF-8BD6-79344419AB2B}"
EndProject
Project("{FAE04EC0-301F-11D3-BF4B-00C04F79EFBC}") = "AbstractFactoryContinents", "DesignPatterns\Creational\Abstract Factory\Continents\AbstractFactoryContinents.csproj", "{F80BD215-2A51-4100-A90E-FB45E07D6159}"
EndProject
Project("{FAE04EC0-301F-11D3-BF4B-00C04F79EFBC}") = "Prototype", "DesignPatterns\Creational\Prototype\Prototype.csproj", "{7A249697-847F-40B4-AE2A-0804D6EE4485}"
EndProject
Project("{FAE04EC0-301F-11D3-BF4B-00C04F79EFBC}") = "Singleton", "DesignPatterns\Creational\Singleton\Singleton.csproj", "{8BFAFD0D-9F25-43E7-9BA6-91A01710DA2C}"
EndProject
Project("{2150E333-8FDC-42A3-9474-1A3956D46DE8}") = "Structural", "Structural", "{7847AA62-6FC6-4858-95A8-CDE71698C5B9}"
EndProject
Project("{FAE04EC0-301F-11D3-BF4B-00C04F79EFBC}") = "Adapter", "DesignPatterns\Structural\Adapter\Adapter.csproj", "{9DEB7942-5311-4BF7-9132-C15E82C0B4C9}"
EndProject
Project("{FAE04EC0-301F-11D3-BF4B-00C04F79EFBC}") = "Decorator", "DesignPatterns\Structural\Decorator\Decorator.csproj", "{85BCF45A-E1FC-4942-A521-E0133B2EE9D4}"
EndProject
Project("{FAE04EC0-301F-11D3-BF4B-00C04F79EFBC}") = "Facade", "DesignPatterns\Structural\Facade\Facade.csproj", "{2FE8C6E1-8C3C-4434-9B50-10A8C28F736B}"
EndProject
Project("{FAE04EC0-301F-11D3-BF4B-00C04F79EFBC}") = "Bridge", "DesignPatterns\Structural\Bridge\Bridge.csproj", "{50BEE02E-DB11-4FEF-8CAE-4C465D918E76}"
EndProject
Project("{2150E333-8FDC-42A3-9474-1A3956D46DE8}") = "Composite", "Composite", "{1D9CFC0A-EC4B-4897-B78C-EB77FC9EB5C4}"
EndProject
Project("{FAE04EC0-301F-11D3-BF4B-00C04F79EFBC}") = "CompanyComposite", "DesignPatterns\Structural\Composite\CompanyComposite\CompanyComposite.csproj", "{CC745CDE-B117-4E45-96CD-321734B265C9}"
EndProject
Project("{FAE04EC0-301F-11D3-BF4B-00C04F79EFBC}") = "EquipmentComposite", "DesignPatterns\Structural\Composite\EquipmentComposite\EquipmentComposite.csproj", "{42C4CCD3-AB6A-42B7-8FCD-002C8E7F844B}"
EndProject
Project("{FAE04EC0-301F-11D3-BF4B-00C04F79EFBC}") = "Proxy", "DesignPatterns\Structural\Proxy\Proxy.csproj", "{CE2D41FB-6775-485F-9FEA-DA21CCFD7281}"
EndProject
Project("{FAE04EC0-301F-11D3-BF4B-00C04F79EFBC}") = "Flyweight", "DesignPatterns\Structural\Flyweight\Flyweight.csproj", "{8E61D191-E02C-431D-81A0-D928AA7E4264}"
EndProject
Project("{FAE04EC0-301F-11D3-BF4B-00C04F79EFBC}") = "FluentInterface", "DesignPatterns\Fluent Interface\FluentInterface.csproj", "{2B58BE94-945A-42B1-AD53-DD2C2A2F6E59}"
EndProject
Project("{FAE04EC0-301F-11D3-BF4B-00C04F79EFBC}") = "MVVM", "DesignPatterns\MVVM\MVVM.csproj", "{ED58A153-CE26-4874-A26E-FB202A5D657B}"
EndProject
Global
	GlobalSection(SolutionConfigurationPlatforms) = preSolution
		Debug|Any CPU = Debug|Any CPU
		Release|Any CPU = Release|Any CPU
	EndGlobalSection
	GlobalSection(ProjectConfigurationPlatforms) = postSolution
		{336BCD91-32E4-4479-B8A9-44E39B0989D2}.Debug|Any CPU.ActiveCfg = Debug|Any CPU
		{336BCD91-32E4-4479-B8A9-44E39B0989D2}.Debug|Any CPU.Build.0 = Debug|Any CPU
		{336BCD91-32E4-4479-B8A9-44E39B0989D2}.Release|Any CPU.ActiveCfg = Release|Any CPU
		{336BCD91-32E4-4479-B8A9-44E39B0989D2}.Release|Any CPU.Build.0 = Release|Any CPU
		{E75AEA1E-8046-4732-A9C3-D60CAFABD998}.Debug|Any CPU.ActiveCfg = Debug|Any CPU
		{E75AEA1E-8046-4732-A9C3-D60CAFABD998}.Debug|Any CPU.Build.0 = Debug|Any CPU
		{E75AEA1E-8046-4732-A9C3-D60CAFABD998}.Release|Any CPU.ActiveCfg = Release|Any CPU
		{E75AEA1E-8046-4732-A9C3-D60CAFABD998}.Release|Any CPU.Build.0 = Release|Any CPU
		{71693BEB-C150-4D60-A016-4610C963CCC5}.Debug|Any CPU.ActiveCfg = Debug|Any CPU
		{71693BEB-C150-4D60-A016-4610C963CCC5}.Debug|Any CPU.Build.0 = Debug|Any CPU
		{71693BEB-C150-4D60-A016-4610C963CCC5}.Release|Any CPU.ActiveCfg = Release|Any CPU
		{71693BEB-C150-4D60-A016-4610C963CCC5}.Release|Any CPU.Build.0 = Release|Any CPU
		{F91AAC67-D2F4-4E59-9CEB-9C0EC71F0419}.Debug|Any CPU.ActiveCfg = Debug|Any CPU
		{F91AAC67-D2F4-4E59-9CEB-9C0EC71F0419}.Debug|Any CPU.Build.0 = Debug|Any CPU
		{F91AAC67-D2F4-4E59-9CEB-9C0EC71F0419}.Release|Any CPU.ActiveCfg = Release|Any CPU
		{F91AAC67-D2F4-4E59-9CEB-9C0EC71F0419}.Release|Any CPU.Build.0 = Release|Any CPU
		{7BA2D35C-63FA-4C85-A45F-387D934C640C}.Debug|Any CPU.ActiveCfg = Debug|Any CPU
		{7BA2D35C-63FA-4C85-A45F-387D934C640C}.Debug|Any CPU.Build.0 = Debug|Any CPU
		{7BA2D35C-63FA-4C85-A45F-387D934C640C}.Release|Any CPU.ActiveCfg = Release|Any CPU
		{7BA2D35C-63FA-4C85-A45F-387D934C640C}.Release|Any CPU.Build.0 = Release|Any CPU
		{D95D6CD3-0993-44C8-B642-992C06991F8D}.Debug|Any CPU.ActiveCfg = Debug|Any CPU
		{D95D6CD3-0993-44C8-B642-992C06991F8D}.Debug|Any CPU.Build.0 = Debug|Any CPU
		{D95D6CD3-0993-44C8-B642-992C06991F8D}.Release|Any CPU.ActiveCfg = Release|Any CPU
		{D95D6CD3-0993-44C8-B642-992C06991F8D}.Release|Any CPU.Build.0 = Release|Any CPU
		{0F5B27F4-F62C-4EB1-A687-B35E12773F1D}.Debug|Any CPU.ActiveCfg = Debug|Any CPU
		{0F5B27F4-F62C-4EB1-A687-B35E12773F1D}.Debug|Any CPU.Build.0 = Debug|Any CPU
		{0F5B27F4-F62C-4EB1-A687-B35E12773F1D}.Release|Any CPU.ActiveCfg = Release|Any CPU
		{0F5B27F4-F62C-4EB1-A687-B35E12773F1D}.Release|Any CPU.Build.0 = Release|Any CPU
		{74BFD0B3-479C-4AF8-B063-11854DD00504}.Debug|Any CPU.ActiveCfg = Debug|Any CPU
		{74BFD0B3-479C-4AF8-B063-11854DD00504}.Debug|Any CPU.Build.0 = Debug|Any CPU
		{74BFD0B3-479C-4AF8-B063-11854DD00504}.Release|Any CPU.ActiveCfg = Release|Any CPU
		{74BFD0B3-479C-4AF8-B063-11854DD00504}.Release|Any CPU.Build.0 = Release|Any CPU
		{48D4423C-B2F1-4FC8-85A1-2EF9AF849BA9}.Debug|Any CPU.ActiveCfg = Debug|Any CPU
		{48D4423C-B2F1-4FC8-85A1-2EF9AF849BA9}.Debug|Any CPU.Build.0 = Debug|Any CPU
		{48D4423C-B2F1-4FC8-85A1-2EF9AF849BA9}.Release|Any CPU.ActiveCfg = Release|Any CPU
		{48D4423C-B2F1-4FC8-85A1-2EF9AF849BA9}.Release|Any CPU.Build.0 = Release|Any CPU
		{F52D05E2-8661-4EAA-B0FD-E3CA6A5557F6}.Debug|Any CPU.ActiveCfg = Debug|Any CPU
		{F52D05E2-8661-4EAA-B0FD-E3CA6A5557F6}.Debug|Any CPU.Build.0 = Debug|Any CPU
		{F52D05E2-8661-4EAA-B0FD-E3CA6A5557F6}.Release|Any CPU.ActiveCfg = Release|Any CPU
		{F52D05E2-8661-4EAA-B0FD-E3CA6A5557F6}.Release|Any CPU.Build.0 = Release|Any CPU
		{0245E31B-053B-4769-8FDC-7628666D7812}.Debug|Any CPU.ActiveCfg = Debug|Any CPU
		{0245E31B-053B-4769-8FDC-7628666D7812}.Debug|Any CPU.Build.0 = Debug|Any CPU
		{0245E31B-053B-4769-8FDC-7628666D7812}.Release|Any CPU.ActiveCfg = Release|Any CPU
		{0245E31B-053B-4769-8FDC-7628666D7812}.Release|Any CPU.Build.0 = Release|Any CPU
		{2D70555E-E4E8-4F2B-9118-F51E14B2EE84}.Debug|Any CPU.ActiveCfg = Debug|Any CPU
		{2D70555E-E4E8-4F2B-9118-F51E14B2EE84}.Debug|Any CPU.Build.0 = Debug|Any CPU
		{2D70555E-E4E8-4F2B-9118-F51E14B2EE84}.Release|Any CPU.ActiveCfg = Release|Any CPU
		{2D70555E-E4E8-4F2B-9118-F51E14B2EE84}.Release|Any CPU.Build.0 = Release|Any CPU
		{E7BEF802-8614-4569-8A4D-A29650AEF840}.Debug|Any CPU.ActiveCfg = Debug|Any CPU
		{E7BEF802-8614-4569-8A4D-A29650AEF840}.Debug|Any CPU.Build.0 = Debug|Any CPU
		{E7BEF802-8614-4569-8A4D-A29650AEF840}.Release|Any CPU.ActiveCfg = Release|Any CPU
		{E7BEF802-8614-4569-8A4D-A29650AEF840}.Release|Any CPU.Build.0 = Release|Any CPU
		{B800C1E7-DE25-40DF-8BD6-79344419AB2B}.Debug|Any CPU.ActiveCfg = Debug|Any CPU
		{B800C1E7-DE25-40DF-8BD6-79344419AB2B}.Debug|Any CPU.Build.0 = Debug|Any CPU
		{B800C1E7-DE25-40DF-8BD6-79344419AB2B}.Release|Any CPU.ActiveCfg = Release|Any CPU
		{B800C1E7-DE25-40DF-8BD6-79344419AB2B}.Release|Any CPU.Build.0 = Release|Any CPU
		{F80BD215-2A51-4100-A90E-FB45E07D6159}.Debug|Any CPU.ActiveCfg = Debug|Any CPU
		{F80BD215-2A51-4100-A90E-FB45E07D6159}.Debug|Any CPU.Build.0 = Debug|Any CPU
		{F80BD215-2A51-4100-A90E-FB45E07D6159}.Release|Any CPU.ActiveCfg = Release|Any CPU
		{F80BD215-2A51-4100-A90E-FB45E07D6159}.Release|Any CPU.Build.0 = Release|Any CPU
		{7A249697-847F-40B4-AE2A-0804D6EE4485}.Debug|Any CPU.ActiveCfg = Debug|Any CPU
		{7A249697-847F-40B4-AE2A-0804D6EE4485}.Debug|Any CPU.Build.0 = Debug|Any CPU
		{7A249697-847F-40B4-AE2A-0804D6EE4485}.Release|Any CPU.ActiveCfg = Release|Any CPU
		{7A249697-847F-40B4-AE2A-0804D6EE4485}.Release|Any CPU.Build.0 = Release|Any CPU
		{8BFAFD0D-9F25-43E7-9BA6-91A01710DA2C}.Debug|Any CPU.ActiveCfg = Debug|Any CPU
		{8BFAFD0D-9F25-43E7-9BA6-91A01710DA2C}.Debug|Any CPU.Build.0 = Debug|Any CPU
		{8BFAFD0D-9F25-43E7-9BA6-91A01710DA2C}.Release|Any CPU.ActiveCfg = Release|Any CPU
		{8BFAFD0D-9F25-43E7-9BA6-91A01710DA2C}.Release|Any CPU.Build.0 = Release|Any CPU
		{9DEB7942-5311-4BF7-9132-C15E82C0B4C9}.Debug|Any CPU.ActiveCfg = Debug|Any CPU
		{9DEB7942-5311-4BF7-9132-C15E82C0B4C9}.Debug|Any CPU.Build.0 = Debug|Any CPU
		{9DEB7942-5311-4BF7-9132-C15E82C0B4C9}.Release|Any CPU.ActiveCfg = Release|Any CPU
		{9DEB7942-5311-4BF7-9132-C15E82C0B4C9}.Release|Any CPU.Build.0 = Release|Any CPU
		{85BCF45A-E1FC-4942-A521-E0133B2EE9D4}.Debug|Any CPU.ActiveCfg = Debug|Any CPU
		{85BCF45A-E1FC-4942-A521-E0133B2EE9D4}.Debug|Any CPU.Build.0 = Debug|Any CPU
		{85BCF45A-E1FC-4942-A521-E0133B2EE9D4}.Release|Any CPU.ActiveCfg = Release|Any CPU
		{85BCF45A-E1FC-4942-A521-E0133B2EE9D4}.Release|Any CPU.Build.0 = Release|Any CPU
		{2FE8C6E1-8C3C-4434-9B50-10A8C28F736B}.Debug|Any CPU.ActiveCfg = Debug|Any CPU
		{2FE8C6E1-8C3C-4434-9B50-10A8C28F736B}.Debug|Any CPU.Build.0 = Debug|Any CPU
		{2FE8C6E1-8C3C-4434-9B50-10A8C28F736B}.Release|Any CPU.ActiveCfg = Release|Any CPU
		{2FE8C6E1-8C3C-4434-9B50-10A8C28F736B}.Release|Any CPU.Build.0 = Release|Any CPU
		{50BEE02E-DB11-4FEF-8CAE-4C465D918E76}.Debug|Any CPU.ActiveCfg = Debug|Any CPU
		{50BEE02E-DB11-4FEF-8CAE-4C465D918E76}.Debug|Any CPU.Build.0 = Debug|Any CPU
		{50BEE02E-DB11-4FEF-8CAE-4C465D918E76}.Release|Any CPU.ActiveCfg = Release|Any CPU
		{50BEE02E-DB11-4FEF-8CAE-4C465D918E76}.Release|Any CPU.Build.0 = Release|Any CPU
		{CC745CDE-B117-4E45-96CD-321734B265C9}.Debug|Any CPU.ActiveCfg = Debug|Any CPU
		{CC745CDE-B117-4E45-96CD-321734B265C9}.Debug|Any CPU.Build.0 = Debug|Any CPU
		{CC745CDE-B117-4E45-96CD-321734B265C9}.Release|Any CPU.ActiveCfg = Release|Any CPU
		{CC745CDE-B117-4E45-96CD-321734B265C9}.Release|Any CPU.Build.0 = Release|Any CPU
		{42C4CCD3-AB6A-42B7-8FCD-002C8E7F844B}.Debug|Any CPU.ActiveCfg = Debug|Any CPU
		{42C4CCD3-AB6A-42B7-8FCD-002C8E7F844B}.Debug|Any CPU.Build.0 = Debug|Any CPU
		{42C4CCD3-AB6A-42B7-8FCD-002C8E7F844B}.Release|Any CPU.ActiveCfg = Release|Any CPU
		{42C4CCD3-AB6A-42B7-8FCD-002C8E7F844B}.Release|Any CPU.Build.0 = Release|Any CPU
		{CE2D41FB-6775-485F-9FEA-DA21CCFD7281}.Debug|Any CPU.ActiveCfg = Debug|Any CPU
		{CE2D41FB-6775-485F-9FEA-DA21CCFD7281}.Debug|Any CPU.Build.0 = Debug|Any CPU
		{CE2D41FB-6775-485F-9FEA-DA21CCFD7281}.Release|Any CPU.ActiveCfg = Release|Any CPU
		{CE2D41FB-6775-485F-9FEA-DA21CCFD7281}.Release|Any CPU.Build.0 = Release|Any CPU
		{8E61D191-E02C-431D-81A0-D928AA7E4264}.Debug|Any CPU.ActiveCfg = Debug|Any CPU
		{8E61D191-E02C-431D-81A0-D928AA7E4264}.Debug|Any CPU.Build.0 = Debug|Any CPU
		{8E61D191-E02C-431D-81A0-D928AA7E4264}.Release|Any CPU.ActiveCfg = Release|Any CPU
		{8E61D191-E02C-431D-81A0-D928AA7E4264}.Release|Any CPU.Build.0 = Release|Any CPU
		{2B58BE94-945A-42B1-AD53-DD2C2A2F6E59}.Debug|Any CPU.ActiveCfg = Debug|Any CPU
		{2B58BE94-945A-42B1-AD53-DD2C2A2F6E59}.Debug|Any CPU.Build.0 = Debug|Any CPU
		{2B58BE94-945A-42B1-AD53-DD2C2A2F6E59}.Release|Any CPU.ActiveCfg = Release|Any CPU
		{2B58BE94-945A-42B1-AD53-DD2C2A2F6E59}.Release|Any CPU.Build.0 = Release|Any CPU
		{ED58A153-CE26-4874-A26E-FB202A5D657B}.Debug|Any CPU.ActiveCfg = Debug|Any CPU
		{ED58A153-CE26-4874-A26E-FB202A5D657B}.Debug|Any CPU.Build.0 = Debug|Any CPU
		{ED58A153-CE26-4874-A26E-FB202A5D657B}.Release|Any CPU.ActiveCfg = Release|Any CPU
		{ED58A153-CE26-4874-A26E-FB202A5D657B}.Release|Any CPU.Build.0 = Release|Any CPU
	EndGlobalSection
	GlobalSection(SolutionProperties) = preSolution
		HideSolutionNode = FALSE
	EndGlobalSection
	GlobalSection(NestedProjects) = preSolution
		{336BCD91-32E4-4479-B8A9-44E39B0989D2} = {02EA681E-C7D8-13C7-8484-4AC65E1B71E8}
		{E75AEA1E-8046-4732-A9C3-D60CAFABD998} = {02EA681E-C7D8-13C7-8484-4AC65E1B71E8}
		{71693BEB-C150-4D60-A016-4610C963CCC5} = {02EA681E-C7D8-13C7-8484-4AC65E1B71E8}
		{F91AAC67-D2F4-4E59-9CEB-9C0EC71F0419} = {02EA681E-C7D8-13C7-8484-4AC65E1B71E8}
		{7BA2D35C-63FA-4C85-A45F-387D934C640C} = {02EA681E-C7D8-13C7-8484-4AC65E1B71E8}
		{D95D6CD3-0993-44C8-B642-992C06991F8D} = {02EA681E-C7D8-13C7-8484-4AC65E1B71E8}
		{0F5B27F4-F62C-4EB1-A687-B35E12773F1D} = {02EA681E-C7D8-13C7-8484-4AC65E1B71E8}
		{74BFD0B3-479C-4AF8-B063-11854DD00504} = {02EA681E-C7D8-13C7-8484-4AC65E1B71E8}
		{48D4423C-B2F1-4FC8-85A1-2EF9AF849BA9} = {02EA681E-C7D8-13C7-8484-4AC65E1B71E8}
		{0D4A7A8A-CBEA-4271-8941-6DE7975257AA} = {0823118C-0E15-4A83-9445-42BDAED57713}
		{F52D05E2-8661-4EAA-B0FD-E3CA6A5557F6} = {0D4A7A8A-CBEA-4271-8941-6DE7975257AA}
		{0245E31B-053B-4769-8FDC-7628666D7812} = {0D4A7A8A-CBEA-4271-8941-6DE7975257AA}
		{2D70555E-E4E8-4F2B-9118-F51E14B2EE84} = {0D4A7A8A-CBEA-4271-8941-6DE7975257AA}
		{E7BEF802-8614-4569-8A4D-A29650AEF840} = {0823118C-0E15-4A83-9445-42BDAED57713}
		{D3CF05A3-9761-40AC-9FCD-5E87F5CF0E94} = {0823118C-0E15-4A83-9445-42BDAED57713}
		{B800C1E7-DE25-40DF-8BD6-79344419AB2B} = {D3CF05A3-9761-40AC-9FCD-5E87F5CF0E94}
		{F80BD215-2A51-4100-A90E-FB45E07D6159} = {D3CF05A3-9761-40AC-9FCD-5E87F5CF0E94}
		{7A249697-847F-40B4-AE2A-0804D6EE4485} = {0823118C-0E15-4A83-9445-42BDAED57713}
		{8BFAFD0D-9F25-43E7-9BA6-91A01710DA2C} = {0823118C-0E15-4A83-9445-42BDAED57713}
		{9DEB7942-5311-4BF7-9132-C15E82C0B4C9} = {7847AA62-6FC6-4858-95A8-CDE71698C5B9}
		{85BCF45A-E1FC-4942-A521-E0133B2EE9D4} = {7847AA62-6FC6-4858-95A8-CDE71698C5B9}
		{2FE8C6E1-8C3C-4434-9B50-10A8C28F736B} = {7847AA62-6FC6-4858-95A8-CDE71698C5B9}
		{50BEE02E-DB11-4FEF-8CAE-4C465D918E76} = {7847AA62-6FC6-4858-95A8-CDE71698C5B9}
		{1D9CFC0A-EC4B-4897-B78C-EB77FC9EB5C4} = {7847AA62-6FC6-4858-95A8-CDE71698C5B9}
		{CC745CDE-B117-4E45-96CD-321734B265C9} = {1D9CFC0A-EC4B-4897-B78C-EB77FC9EB5C4}
		{42C4CCD3-AB6A-42B7-8FCD-002C8E7F844B} = {1D9CFC0A-EC4B-4897-B78C-EB77FC9EB5C4}
		{CE2D41FB-6775-485F-9FEA-DA21CCFD7281} = {7847AA62-6FC6-4858-95A8-CDE71698C5B9}
		{8E61D191-E02C-431D-81A0-D928AA7E4264} = {7847AA62-6FC6-4858-95A8-CDE71698C5B9}
	EndGlobalSection
	GlobalSection(ExtensibilityGlobals) = postSolution
		SolutionGuid = {DC291958-64BE-4750-AE93-3F525CA7FEF7}
	EndGlobalSection
EndGlobal
